// !$*UTF8*$!
{
	archiveVersion = 1;
	classes = {
	};
	objectVersion = 46;
	objects = {

/* Begin PBXBuildFile section */
		0B00AC54187D849400427F35 /* collectCell.xib in Resources */ = {isa = PBXBuildFile; fileRef = 0B00AC53187D849400427F35 /* collectCell.xib */; };
		0B2C333A185B7CEE00CB2763 /* editingView.xib in Resources */ = {isa = PBXBuildFile; fileRef = 0B2C3338185B7CEE00CB2763 /* editingView.xib */; };
		0B2C333B185B7CEE00CB2763 /* moneyView.xib in Resources */ = {isa = PBXBuildFile; fileRef = 0B2C3339185B7CEE00CB2763 /* moneyView.xib */; };
		0B8F0D8E18641FA900FD1264 /* remindViewController.xib in Resources */ = {isa = PBXBuildFile; fileRef = 0B8F0D8C18641FA900FD1264 /* remindViewController.xib */; };
		0B8F0D91186422F300FD1264 /* remindViewController.m in Sources */ = {isa = PBXBuildFile; fileRef = 0B8F0D90186422F300FD1264 /* remindViewController.m */; };
		0B9009DD1877D791008D3799 /* left_arrow.png in Resources */ = {isa = PBXBuildFile; fileRef = 0B9009D81877D791008D3799 /* left_arrow.png */; };
		0B9009DE1877D791008D3799 /* left_arrow@2x.png in Resources */ = {isa = PBXBuildFile; fileRef = 0B9009D91877D791008D3799 /* left_arrow@2x.png */; };
		0B9009DF1877D791008D3799 /* right_arrow.png in Resources */ = {isa = PBXBuildFile; fileRef = 0B9009DA1877D791008D3799 /* right_arrow.png */; };
		0B9009E01877D791008D3799 /* right_arrow@2x.png in Resources */ = {isa = PBXBuildFile; fileRef = 0B9009DB1877D791008D3799 /* right_arrow@2x.png */; };
		0B9009E31877DDA6008D3799 /* selectView.m in Sources */ = {isa = PBXBuildFile; fileRef = 0B9009E21877DDA6008D3799 /* selectView.m */; };
		0B9009E61877EBE4008D3799 /* CKCalendarView.m in Sources */ = {isa = PBXBuildFile; fileRef = 0B9009E51877EBE4008D3799 /* CKCalendarView.m */; };
		0B916CFD1816BB2200B3F41D /* editingViewController.m in Sources */ = {isa = PBXBuildFile; fileRef = 0B916CFC1816BB2200B3F41D /* editingViewController.m */; };
		0B928730183A300400AB69BB /* libsqlite3.dylib in Frameworks */ = {isa = PBXBuildFile; fileRef = 0B92872F183A300400AB69BB /* libsqlite3.dylib */; };
		0B929ED118154B94008E1726 /* buttonInScroll.m in Sources */ = {isa = PBXBuildFile; fileRef = 0B929ED018154B94008E1726 /* buttonInScroll.m */; };
		0B92BE2018B09E97003AE50C /* addBtn.png in Resources */ = {isa = PBXBuildFile; fileRef = 0B92BE1E18B09E97003AE50C /* addBtn.png */; };
		0B92BE2318B0ADF0003AE50C /* 日期角标.png in Resources */ = {isa = PBXBuildFile; fileRef = 0B92BE2218B0ADF0003AE50C /* 日期角标.png */; };
		0B92BE2918B0B56E003AE50C /* 按键1.png in Resources */ = {isa = PBXBuildFile; fileRef = 0B92BE2818B0B56E003AE50C /* 按键1.png */; };
		0B92BE3218B0C4F3003AE50C /* photoAlert.png in Resources */ = {isa = PBXBuildFile; fileRef = 0B92BE2A18B0C4F3003AE50C /* photoAlert.png */; };
		0B92BE3318B0C4F3003AE50C /* tagAlert.png in Resources */ = {isa = PBXBuildFile; fileRef = 0B92BE2B18B0C4F3003AE50C /* tagAlert.png */; };
		0B92BE3418B0C4F3003AE50C /* returnInAlert.png in Resources */ = {isa = PBXBuildFile; fileRef = 0B92BE2C18B0C4F3003AE50C /* returnInAlert.png */; };
		0B92BE3518B0C4F3003AE50C /* searchInAlert.png in Resources */ = {isa = PBXBuildFile; fileRef = 0B92BE2D18B0C4F3003AE50C /* searchInAlert.png */; };
		0B92BE3618B0C4F3003AE50C /* okInAlert.png in Resources */ = {isa = PBXBuildFile; fileRef = 0B92BE2E18B0C4F3003AE50C /* okInAlert.png */; };
		0B92BE3718B0C4F3003AE50C /* cancelInAlert.png in Resources */ = {isa = PBXBuildFile; fileRef = 0B92BE2F18B0C4F3003AE50C /* cancelInAlert.png */; };
		0B92BE3818B0C4F3003AE50C /* addInAlert.png in Resources */ = {isa = PBXBuildFile; fileRef = 0B92BE3018B0C4F3003AE50C /* addInAlert.png */; };
		0B92BE3918B0C4F3003AE50C /* deleteInAlert.png in Resources */ = {isa = PBXBuildFile; fileRef = 0B92BE3118B0C4F3003AE50C /* deleteInAlert.png */; };
		0B92BE3B18B0C75D003AE50C /* 299x62按键.png in Resources */ = {isa = PBXBuildFile; fileRef = 0B92BE3A18B0C75D003AE50C /* 299x62按键.png */; };
		0B93EC4718AB422600F871C4 /* 色点.png in Resources */ = {isa = PBXBuildFile; fileRef = 0B93EC4618AB422600F871C4 /* 色点.png */; };
		0B93EC4A18ABA5EF00F871C4 /* customButton.m in Sources */ = {isa = PBXBuildFile; fileRef = 0B93EC4918ABA5EE00F871C4 /* customButton.m */; };
		0B93EC5B18ABD06A00F871C4 /* editView@2x.png in Resources */ = {isa = PBXBuildFile; fileRef = 0B93EC5618ABD06A00F871C4 /* editView@2x.png */; };
		0B93EC5C18ABD06A00F871C4 /* rightBackground@2x.png in Resources */ = {isa = PBXBuildFile; fileRef = 0B93EC5718ABD06A00F871C4 /* rightBackground@2x.png */; };
		0B93EC5D18ABD06A00F871C4 /* addTapped.png in Resources */ = {isa = PBXBuildFile; fileRef = 0B93EC5818ABD06A00F871C4 /* addTapped.png */; };
		0B93EC5E18ABD06A00F871C4 /* backgroundHome@2x.png in Resources */ = {isa = PBXBuildFile; fileRef = 0B93EC5918ABD06A00F871C4 /* backgroundHome@2x.png */; };
		0B942F861896720A002864B8 /* statisticViewController.m in Sources */ = {isa = PBXBuildFile; fileRef = 0B942F841896720A002864B8 /* statisticViewController.m */; };
		0B942F871896720A002864B8 /* statisticViewController.xib in Resources */ = {isa = PBXBuildFile; fileRef = 0B942F851896720A002864B8 /* statisticViewController.xib */; };
		0B9597EC18AD1191002923AF /* Default-568h@2x.png in Resources */ = {isa = PBXBuildFile; fileRef = 0B9597EB18AD1191002923AF /* Default-568h@2x.png */; };
		0B9597F218AD211B002923AF /* OkButton.png in Resources */ = {isa = PBXBuildFile; fileRef = 0B9597ED18AD211B002923AF /* OkButton.png */; };
		0B9597F318AD211B002923AF /* cancelButton.png in Resources */ = {isa = PBXBuildFile; fileRef = 0B9597EE18AD211B002923AF /* cancelButton.png */; };
		0B96F9EB18A3CD4600E625AA /* Main1.storyboard in Resources */ = {isa = PBXBuildFile; fileRef = 0B96F9E918A3CD4600E625AA /* Main1.storyboard */; };
		0B9A53CF1812274D0085FFD7 /* Foundation.framework in Frameworks */ = {isa = PBXBuildFile; fileRef = 0B9A53CE1812274D0085FFD7 /* Foundation.framework */; };
		0B9A53D11812274D0085FFD7 /* CoreGraphics.framework in Frameworks */ = {isa = PBXBuildFile; fileRef = 0B9A53D01812274D0085FFD7 /* CoreGraphics.framework */; };
		0B9A53D31812274D0085FFD7 /* UIKit.framework in Frameworks */ = {isa = PBXBuildFile; fileRef = 0B9A53D21812274D0085FFD7 /* UIKit.framework */; };
		0B9A53D91812274D0085FFD7 /* InfoPlist.strings in Resources */ = {isa = PBXBuildFile; fileRef = 0B9A53D71812274D0085FFD7 /* InfoPlist.strings */; };
		0B9A53DB1812274D0085FFD7 /* main.m in Sources */ = {isa = PBXBuildFile; fileRef = 0B9A53DA1812274D0085FFD7 /* main.m */; };
		0B9A53DF1812274D0085FFD7 /* AppDelegate.m in Sources */ = {isa = PBXBuildFile; fileRef = 0B9A53DE1812274D0085FFD7 /* AppDelegate.m */; };
		0B9A53E51812274D0085FFD7 /* ViewController.m in Sources */ = {isa = PBXBuildFile; fileRef = 0B9A53E41812274D0085FFD7 /* ViewController.m */; };
		0B9A53E71812274D0085FFD7 /* Images.xcassets in Resources */ = {isa = PBXBuildFile; fileRef = 0B9A53E61812274D0085FFD7 /* Images.xcassets */; };
		0B9A53EE1812274D0085FFD7 /* XCTest.framework in Frameworks */ = {isa = PBXBuildFile; fileRef = 0B9A53ED1812274D0085FFD7 /* XCTest.framework */; };
		0B9A53EF1812274D0085FFD7 /* Foundation.framework in Frameworks */ = {isa = PBXBuildFile; fileRef = 0B9A53CE1812274D0085FFD7 /* Foundation.framework */; };
		0B9A53F01812274D0085FFD7 /* UIKit.framework in Frameworks */ = {isa = PBXBuildFile; fileRef = 0B9A53D21812274D0085FFD7 /* UIKit.framework */; };
		0B9A53F81812274D0085FFD7 /* InfoPlist.strings in Resources */ = {isa = PBXBuildFile; fileRef = 0B9A53F61812274D0085FFD7 /* InfoPlist.strings */; };
		0B9A53FA1812274D0085FFD7 /* DaysInLineTests.m in Sources */ = {isa = PBXBuildFile; fileRef = 0B9A53F91812274D0085FFD7 /* DaysInLineTests.m */; };
		0B9A5406181230990085FFD7 /* Default.png in Resources */ = {isa = PBXBuildFile; fileRef = 0B9A5405181230990085FFD7 /* Default.png */; };
		0B9B364A1895467600E9151A /* statisticView.m in Sources */ = {isa = PBXBuildFile; fileRef = 0B9B36491895467600E9151A /* statisticView.m */; };
		0BA02C6F186B094E00563857 /* tagView.xib in Resources */ = {isa = PBXBuildFile; fileRef = 0BA02C6E186B094E00563857 /* tagView.xib */; };
		0BA18F6D187C41B700ADBB01 /* collectionView.m in Sources */ = {isa = PBXBuildFile; fileRef = 0BA18F6C187C41B700ADBB01 /* collectionView.m */; };
		0BA61BD218A25108000B7163 /* star1.png in Resources */ = {isa = PBXBuildFile; fileRef = 0BA61BD018A25108000B7163 /* star1.png */; };
		0BA61BD318A25108000B7163 /* star2.png in Resources */ = {isa = PBXBuildFile; fileRef = 0BA61BD118A25108000B7163 /* star2.png */; };
		0BA61BDA18A27715000B7163 /* 按键2.png in Resources */ = {isa = PBXBuildFile; fileRef = 0BA61BD518A27715000B7163 /* 按键2.png */; };
		0BA61BDB18A27715000B7163 /* 按键3.png in Resources */ = {isa = PBXBuildFile; fileRef = 0BA61BD618A27715000B7163 /* 按键3.png */; };
		0BA61BDC18A27715000B7163 /* 按键4.png in Resources */ = {isa = PBXBuildFile; fileRef = 0BA61BD718A27715000B7163 /* 按键4.png */; };
		0BA61BDD18A27715000B7163 /* 按键5.png in Resources */ = {isa = PBXBuildFile; fileRef = 0BA61BD818A27715000B7163 /* 按键5.png */; };
		0BA61BE318A2808E000B7163 /* 按键2-2.png in Resources */ = {isa = PBXBuildFile; fileRef = 0BA61BE218A2808E000B7163 /* 按键2-2.png */; };
		0BA61BE718A28293000B7163 /* rightBackground.png in Resources */ = {isa = PBXBuildFile; fileRef = 0BA61BE618A28293000B7163 /* rightBackground.png */; };
		0BA61BEB18A2886B000B7163 /* 按键3-2.png in Resources */ = {isa = PBXBuildFile; fileRef = 0BA61BEA18A2886B000B7163 /* 按键3-2.png */; };
		0BA61BED18A28876000B7163 /* 按键1-2.png in Resources */ = {isa = PBXBuildFile; fileRef = 0BA61BEC18A28876000B7163 /* 按键1-2.png */; };
		0BA61BEF18A28880000B7163 /* 按键4-2.png in Resources */ = {isa = PBXBuildFile; fileRef = 0BA61BEE18A28880000B7163 /* 按键4-2.png */; };
		0BA61BF118A28887000B7163 /* 按键5-2.png in Resources */ = {isa = PBXBuildFile; fileRef = 0BA61BF018A28887000B7163 /* 按键5-2.png */; };
		0BAE55B1185B7B1700695F0E /* icon.png in Resources */ = {isa = PBXBuildFile; fileRef = 0BAE55AD185B7B1700695F0E /* icon.png */; };
		0BB08A7318A9F41D00DE111E /* tagBtn.png in Resources */ = {isa = PBXBuildFile; fileRef = 0BB08A6218A9F41D00DE111E /* tagBtn.png */; };
		0BB08A7418A9F41D00DE111E /* photoBtn.png in Resources */ = {isa = PBXBuildFile; fileRef = 0BB08A6318A9F41D00DE111E /* photoBtn.png */; };
		0BB08A7518A9F41D00DE111E /* remindBtn.png in Resources */ = {isa = PBXBuildFile; fileRef = 0BB08A6418A9F41D00DE111E /* remindBtn.png */; };
		0BB08A7618A9F41D00DE111E /* collectionBtn.png in Resources */ = {isa = PBXBuildFile; fileRef = 0BB08A6518A9F41D00DE111E /* collectionBtn.png */; };
		0BB08A7718A9F41D00DE111E /* moneyBtn.png in Resources */ = {isa = PBXBuildFile; fileRef = 0BB08A6618A9F41D00DE111E /* moneyBtn.png */; };
		0BB08A7818A9F41D00DE111E /* returnBtn.png in Resources */ = {isa = PBXBuildFile; fileRef = 0BB08A6718A9F41D00DE111E /* returnBtn.png */; };
		0BB08A7918A9F41D00DE111E /* saveBtn.png in Resources */ = {isa = PBXBuildFile; fileRef = 0BB08A6818A9F41D00DE111E /* saveBtn.png */; };
		0BB08A7A18A9F41D00DE111E /* deleteBtn.png in Resources */ = {isa = PBXBuildFile; fileRef = 0BB08A6918A9F41D00DE111E /* deleteBtn.png */; };
		0BB08A7B18A9F41D00DE111E /* tagBtn2.png in Resources */ = {isa = PBXBuildFile; fileRef = 0BB08A6A18A9F41D00DE111E /* tagBtn2.png */; };
		0BB08A7C18A9F41D00DE111E /* remindBtn2.png in Resources */ = {isa = PBXBuildFile; fileRef = 0BB08A6B18A9F41D00DE111E /* remindBtn2.png */; };
		0BB08A7D18A9F41D00DE111E /* photoBtn2.png in Resources */ = {isa = PBXBuildFile; fileRef = 0BB08A6C18A9F41D00DE111E /* photoBtn2.png */; };
		0BB08A7E18A9F41D00DE111E /* moneyBtn2.png in Resources */ = {isa = PBXBuildFile; fileRef = 0BB08A6D18A9F41D00DE111E /* moneyBtn2.png */; };
		0BB08A7F18A9F41D00DE111E /* returnBtn2.png in Resources */ = {isa = PBXBuildFile; fileRef = 0BB08A6E18A9F41D00DE111E /* returnBtn2.png */; };
		0BB08A8018A9F41D00DE111E /* collectionBtn2.png in Resources */ = {isa = PBXBuildFile; fileRef = 0BB08A6F18A9F41D00DE111E /* collectionBtn2.png */; };
		0BB08A8118A9F41D00DE111E /* deleteBtn2.png in Resources */ = {isa = PBXBuildFile; fileRef = 0BB08A7018A9F41D00DE111E /* deleteBtn2.png */; };
		0BB08A8218A9F41D00DE111E /* saveBtn2.png in Resources */ = {isa = PBXBuildFile; fileRef = 0BB08A7118A9F41D00DE111E /* saveBtn2.png */; };
		0BBED40A18A68AFA00B47E53 /* cell1-1.png in Resources */ = {isa = PBXBuildFile; fileRef = 0BBED40618A68AFA00B47E53 /* cell1-1.png */; };
		0BBED40B18A68AFA00B47E53 /* cell2-1.png in Resources */ = {isa = PBXBuildFile; fileRef = 0BBED40718A68AFA00B47E53 /* cell2-1.png */; };
		0BBED40C18A68AFA00B47E53 /* cell3-1.png in Resources */ = {isa = PBXBuildFile; fileRef = 0BBED40818A68AFA00B47E53 /* cell3-1.png */; };
		0BBED40D18A68AFA00B47E53 /* cell4-1.png in Resources */ = {isa = PBXBuildFile; fileRef = 0BBED40918A68AFA00B47E53 /* cell4-1.png */; };
		0BD7008318139338004FCBE2 /* backgroundHome.png in Resources */ = {isa = PBXBuildFile; fileRef = 0BD7008218139338004FCBE2 /* backgroundHome.png */; };
		0BD700861813ABFB004FCBE2 /* homeView.m in Sources */ = {isa = PBXBuildFile; fileRef = 0BD700851813ABFB004FCBE2 /* homeView.m */; };
		0BD7008B1813BC66004FCBE2 /* daylineView.m in Sources */ = {isa = PBXBuildFile; fileRef = 0BD7008A1813BC66004FCBE2 /* daylineView.m */; };
		0BD7008E1814242D004FCBE2 /* dayLineScoller.m in Sources */ = {isa = PBXBuildFile; fileRef = 0BD7008D1814242C004FCBE2 /* dayLineScoller.m */; };
		0BE6C65118A778CA007769D8 /* photoView.xib in Resources */ = {isa = PBXBuildFile; fileRef = 0BE6C65018A778CA007769D8 /* photoView.xib */; };
		0BE6C65518A7BC52007769D8 /* checkPhotoController.m in Sources */ = {isa = PBXBuildFile; fileRef = 0BE6C65318A7BC52007769D8 /* checkPhotoController.m */; };
		0BE6C65618A7BC52007769D8 /* checkPhotoController.xib in Resources */ = {isa = PBXBuildFile; fileRef = 0BE6C65418A7BC52007769D8 /* checkPhotoController.xib */; };
		0BF933F018A9092E00C6EA81 /* editView.png in Resources */ = {isa = PBXBuildFile; fileRef = 0BF933EF18A9092E00C6EA81 /* editView.png */; };
		134E8AFE189CEC6700C2F805 /* CustomIOS7AlertView.m in Sources */ = {isa = PBXBuildFile; fileRef = 134E8AFD189CEC6700C2F805 /* CustomIOS7AlertView.m */; };
/* End PBXBuildFile section */

/* Begin PBXContainerItemProxy section */
		0B9A53F11812274D0085FFD7 /* PBXContainerItemProxy */ = {
			isa = PBXContainerItemProxy;
			containerPortal = 0B9A53C31812274D0085FFD7 /* Project object */;
			proxyType = 1;
			remoteGlobalIDString = 0B9A53CA1812274D0085FFD7;
			remoteInfo = DaysInLine;
		};
/* End PBXContainerItemProxy section */

/* Begin PBXFileReference section */
		0B00AC53187D849400427F35 /* collectCell.xib */ = {isa = PBXFileReference; fileEncoding = 4; lastKnownFileType = file.xib; path = collectCell.xib; sourceTree = "<group>"; };
		0B2C3338185B7CEE00CB2763 /* editingView.xib */ = {isa = PBXFileReference; fileEncoding = 4; lastKnownFileType = file.xib; path = editingView.xib; sourceTree = "<group>"; };
		0B2C3339185B7CEE00CB2763 /* moneyView.xib */ = {isa = PBXFileReference; fileEncoding = 4; lastKnownFileType = file.xib; path = moneyView.xib; sourceTree = "<group>"; };
		0B5586AF18890AA9009E6A3E /* reloadTableDelegate.h */ = {isa = PBXFileReference; fileEncoding = 4; lastKnownFileType = sourcecode.c.h; path = reloadTableDelegate.h; sourceTree = "<group>"; };
		0B8F0D8C18641FA900FD1264 /* remindViewController.xib */ = {isa = PBXFileReference; fileEncoding = 4; lastKnownFileType = file.xib; path = remindViewController.xib; sourceTree = "<group>"; };
		0B8F0D8F186422F300FD1264 /* remindViewController.h */ = {isa = PBXFileReference; fileEncoding = 4; lastKnownFileType = sourcecode.c.h; path = remindViewController.h; sourceTree = "<group>"; };
		0B8F0D90186422F300FD1264 /* remindViewController.m */ = {isa = PBXFileReference; fileEncoding = 4; lastKnownFileType = sourcecode.c.objc; path = remindViewController.m; sourceTree = "<group>"; };
		0B9009D81877D791008D3799 /* left_arrow.png */ = {isa = PBXFileReference; lastKnownFileType = image.png; path = left_arrow.png; sourceTree = "<group>"; };
		0B9009D91877D791008D3799 /* left_arrow@2x.png */ = {isa = PBXFileReference; lastKnownFileType = image.png; path = "left_arrow@2x.png"; sourceTree = "<group>"; };
		0B9009DA1877D791008D3799 /* right_arrow.png */ = {isa = PBXFileReference; lastKnownFileType = image.png; path = right_arrow.png; sourceTree = "<group>"; };
		0B9009DB1877D791008D3799 /* right_arrow@2x.png */ = {isa = PBXFileReference; lastKnownFileType = image.png; path = "right_arrow@2x.png"; sourceTree = "<group>"; };
		0B9009E11877DDA6008D3799 /* selectView.h */ = {isa = PBXFileReference; fileEncoding = 4; lastKnownFileType = sourcecode.c.h; path = selectView.h; sourceTree = "<group>"; };
		0B9009E21877DDA6008D3799 /* selectView.m */ = {isa = PBXFileReference; fileEncoding = 4; lastKnownFileType = sourcecode.c.objc; path = selectView.m; sourceTree = "<group>"; };
		0B9009E41877EBE4008D3799 /* CKCalendarView.h */ = {isa = PBXFileReference; fileEncoding = 4; lastKnownFileType = sourcecode.c.h; path = CKCalendarView.h; sourceTree = "<group>"; };
		0B9009E51877EBE4008D3799 /* CKCalendarView.m */ = {isa = PBXFileReference; fileEncoding = 4; lastKnownFileType = sourcecode.c.objc; path = CKCalendarView.m; sourceTree = "<group>"; };
		0B916CFB1816BB2200B3F41D /* editingViewController.h */ = {isa = PBXFileReference; fileEncoding = 4; lastKnownFileType = sourcecode.c.h; path = editingViewController.h; sourceTree = "<group>"; };
		0B916CFC1816BB2200B3F41D /* editingViewController.m */ = {isa = PBXFileReference; fileEncoding = 4; lastKnownFileType = sourcecode.c.objc; path = editingViewController.m; sourceTree = "<group>"; };
		0B92872F183A300400AB69BB /* libsqlite3.dylib */ = {isa = PBXFileReference; lastKnownFileType = "compiled.mach-o.dylib"; name = libsqlite3.dylib; path = usr/lib/libsqlite3.dylib; sourceTree = SDKROOT; };
		0B929ECF18154B94008E1726 /* buttonInScroll.h */ = {isa = PBXFileReference; fileEncoding = 4; lastKnownFileType = sourcecode.c.h; path = buttonInScroll.h; sourceTree = "<group>"; };
		0B929ED018154B94008E1726 /* buttonInScroll.m */ = {isa = PBXFileReference; fileEncoding = 4; lastKnownFileType = sourcecode.c.objc; path = buttonInScroll.m; sourceTree = "<group>"; };
		0B92BE1E18B09E97003AE50C /* addBtn.png */ = {isa = PBXFileReference; lastKnownFileType = image.png; path = addBtn.png; sourceTree = "<group>"; };
		0B92BE2218B0ADF0003AE50C /* 日期角标.png */ = {isa = PBXFileReference; lastKnownFileType = image.png; path = "日期角标.png"; sourceTree = "<group>"; };
		0B92BE2818B0B56E003AE50C /* 按键1.png */ = {isa = PBXFileReference; lastKnownFileType = image.png; path = "按键1.png"; sourceTree = "<group>"; };
		0B92BE2A18B0C4F3003AE50C /* photoAlert.png */ = {isa = PBXFileReference; lastKnownFileType = image.png; path = photoAlert.png; sourceTree = "<group>"; };
		0B92BE2B18B0C4F3003AE50C /* tagAlert.png */ = {isa = PBXFileReference; lastKnownFileType = image.png; path = tagAlert.png; sourceTree = "<group>"; };
		0B92BE2C18B0C4F3003AE50C /* returnInAlert.png */ = {isa = PBXFileReference; lastKnownFileType = image.png; path = returnInAlert.png; sourceTree = "<group>"; };
		0B92BE2D18B0C4F3003AE50C /* searchInAlert.png */ = {isa = PBXFileReference; lastKnownFileType = image.png; path = searchInAlert.png; sourceTree = "<group>"; };
		0B92BE2E18B0C4F3003AE50C /* okInAlert.png */ = {isa = PBXFileReference; lastKnownFileType = image.png; path = okInAlert.png; sourceTree = "<group>"; };
		0B92BE2F18B0C4F3003AE50C /* cancelInAlert.png */ = {isa = PBXFileReference; lastKnownFileType = image.png; path = cancelInAlert.png; sourceTree = "<group>"; };
		0B92BE3018B0C4F3003AE50C /* addInAlert.png */ = {isa = PBXFileReference; lastKnownFileType = image.png; path = addInAlert.png; sourceTree = "<group>"; };
		0B92BE3118B0C4F3003AE50C /* deleteInAlert.png */ = {isa = PBXFileReference; lastKnownFileType = image.png; path = deleteInAlert.png; sourceTree = "<group>"; };
		0B92BE3A18B0C75D003AE50C /* 299x62按键.png */ = {isa = PBXFileReference; lastKnownFileType = image.png; path = "299x62按键.png"; sourceTree = "<group>"; };
		0B93EC4618AB422600F871C4 /* 色点.png */ = {isa = PBXFileReference; lastKnownFileType = image.png; path = "色点.png"; sourceTree = "<group>"; };
		0B93EC4818ABA5ED00F871C4 /* customButton.h */ = {isa = PBXFileReference; fileEncoding = 4; lastKnownFileType = sourcecode.c.h; path = customButton.h; sourceTree = "<group>"; };
		0B93EC4918ABA5EE00F871C4 /* customButton.m */ = {isa = PBXFileReference; fileEncoding = 4; lastKnownFileType = sourcecode.c.objc; path = customButton.m; sourceTree = "<group>"; };
		0B93EC5618ABD06A00F871C4 /* editView@2x.png */ = {isa = PBXFileReference; lastKnownFileType = image.png; path = "editView@2x.png"; sourceTree = "<group>"; };
		0B93EC5718ABD06A00F871C4 /* rightBackground@2x.png */ = {isa = PBXFileReference; lastKnownFileType = image.png; path = "rightBackground@2x.png"; sourceTree = "<group>"; };
		0B93EC5818ABD06A00F871C4 /* addTapped.png */ = {isa = PBXFileReference; lastKnownFileType = image.png; path = addTapped.png; sourceTree = "<group>"; };
		0B93EC5918ABD06A00F871C4 /* backgroundHome@2x.png */ = {isa = PBXFileReference; lastKnownFileType = image.png; path = "backgroundHome@2x.png"; sourceTree = "<group>"; };
		0B942F831896720A002864B8 /* statisticViewController.h */ = {isa = PBXFileReference; fileEncoding = 4; lastKnownFileType = sourcecode.c.h; path = statisticViewController.h; sourceTree = "<group>"; };
		0B942F841896720A002864B8 /* statisticViewController.m */ = {isa = PBXFileReference; fileEncoding = 4; lastKnownFileType = sourcecode.c.objc; path = statisticViewController.m; sourceTree = "<group>"; };
		0B942F851896720A002864B8 /* statisticViewController.xib */ = {isa = PBXFileReference; fileEncoding = 4; lastKnownFileType = file.xib; path = statisticViewController.xib; sourceTree = "<group>"; };
		0B9597EB18AD1191002923AF /* Default-568h@2x.png */ = {isa = PBXFileReference; lastKnownFileType = image.png; path = "Default-568h@2x.png"; sourceTree = "<group>"; };
		0B9597ED18AD211B002923AF /* OkButton.png */ = {isa = PBXFileReference; lastKnownFileType = image.png; path = OkButton.png; sourceTree = "<group>"; };
		0B9597EE18AD211B002923AF /* cancelButton.png */ = {isa = PBXFileReference; lastKnownFileType = image.png; path = cancelButton.png; sourceTree = "<group>"; };
		0B96F9EA18A3CD4600E625AA /* Base */ = {isa = PBXFileReference; lastKnownFileType = file.storyboard; name = Base; path = Base.lproj/Main1.storyboard; sourceTree = "<group>"; };
		0B96F9EE18A3CDD300E625AA /* en */ = {isa = PBXFileReference; lastKnownFileType = file.storyboard; name = en; path = en.lproj/Main1.storyboard; sourceTree = "<group>"; };
		0B9726041870516100787BE9 /* drawTagDelegate.h */ = {isa = PBXFileReference; fileEncoding = 4; lastKnownFileType = sourcecode.c.h; path = drawTagDelegate.h; sourceTree = "<group>"; };
		0B9A53CB1812274D0085FFD7 /* DaysInLine.app */ = {isa = PBXFileReference; explicitFileType = wrapper.application; includeInIndex = 0; path = DaysInLine.app; sourceTree = BUILT_PRODUCTS_DIR; };
		0B9A53CE1812274D0085FFD7 /* Foundation.framework */ = {isa = PBXFileReference; lastKnownFileType = wrapper.framework; name = Foundation.framework; path = System/Library/Frameworks/Foundation.framework; sourceTree = SDKROOT; };
		0B9A53D01812274D0085FFD7 /* CoreGraphics.framework */ = {isa = PBXFileReference; lastKnownFileType = wrapper.framework; name = CoreGraphics.framework; path = System/Library/Frameworks/CoreGraphics.framework; sourceTree = SDKROOT; };
		0B9A53D21812274D0085FFD7 /* UIKit.framework */ = {isa = PBXFileReference; lastKnownFileType = wrapper.framework; name = UIKit.framework; path = System/Library/Frameworks/UIKit.framework; sourceTree = SDKROOT; };
		0B9A53D61812274D0085FFD7 /* DaysInLine-Info.plist */ = {isa = PBXFileReference; lastKnownFileType = text.plist.xml; path = "DaysInLine-Info.plist"; sourceTree = "<group>"; };
		0B9A53D81812274D0085FFD7 /* en */ = {isa = PBXFileReference; lastKnownFileType = text.plist.strings; name = en; path = en.lproj/InfoPlist.strings; sourceTree = "<group>"; };
		0B9A53DA1812274D0085FFD7 /* main.m */ = {isa = PBXFileReference; lastKnownFileType = sourcecode.c.objc; path = main.m; sourceTree = "<group>"; };
		0B9A53DC1812274D0085FFD7 /* DaysInLine-Prefix.pch */ = {isa = PBXFileReference; lastKnownFileType = sourcecode.c.h; path = "DaysInLine-Prefix.pch"; sourceTree = "<group>"; };
		0B9A53DD1812274D0085FFD7 /* AppDelegate.h */ = {isa = PBXFileReference; lastKnownFileType = sourcecode.c.h; path = AppDelegate.h; sourceTree = "<group>"; };
		0B9A53DE1812274D0085FFD7 /* AppDelegate.m */ = {isa = PBXFileReference; lastKnownFileType = sourcecode.c.objc; path = AppDelegate.m; sourceTree = "<group>"; };
		0B9A53E31812274D0085FFD7 /* ViewController.h */ = {isa = PBXFileReference; lastKnownFileType = sourcecode.c.h; path = ViewController.h; sourceTree = "<group>"; };
		0B9A53E41812274D0085FFD7 /* ViewController.m */ = {isa = PBXFileReference; lastKnownFileType = sourcecode.c.objc; path = ViewController.m; sourceTree = "<group>"; };
		0B9A53E61812274D0085FFD7 /* Images.xcassets */ = {isa = PBXFileReference; lastKnownFileType = folder.assetcatalog; path = Images.xcassets; sourceTree = "<group>"; };
		0B9A53EC1812274D0085FFD7 /* DaysInLineTests.xctest */ = {isa = PBXFileReference; explicitFileType = wrapper.cfbundle; includeInIndex = 0; path = DaysInLineTests.xctest; sourceTree = BUILT_PRODUCTS_DIR; };
		0B9A53ED1812274D0085FFD7 /* XCTest.framework */ = {isa = PBXFileReference; lastKnownFileType = wrapper.framework; name = XCTest.framework; path = Library/Frameworks/XCTest.framework; sourceTree = DEVELOPER_DIR; };
		0B9A53F51812274D0085FFD7 /* DaysInLineTests-Info.plist */ = {isa = PBXFileReference; lastKnownFileType = text.plist.xml; path = "DaysInLineTests-Info.plist"; sourceTree = "<group>"; };
		0B9A53F71812274D0085FFD7 /* en */ = {isa = PBXFileReference; lastKnownFileType = text.plist.strings; name = en; path = en.lproj/InfoPlist.strings; sourceTree = "<group>"; };
		0B9A53F91812274D0085FFD7 /* DaysInLineTests.m */ = {isa = PBXFileReference; lastKnownFileType = sourcecode.c.objc; path = DaysInLineTests.m; sourceTree = "<group>"; };
		0B9A5405181230990085FFD7 /* Default.png */ = {isa = PBXFileReference; lastKnownFileType = image.png; path = Default.png; sourceTree = "<group>"; };
		0B9B36481895467600E9151A /* statisticView.h */ = {isa = PBXFileReference; fileEncoding = 4; lastKnownFileType = sourcecode.c.h; path = statisticView.h; sourceTree = "<group>"; };
		0B9B36491895467600E9151A /* statisticView.m */ = {isa = PBXFileReference; fileEncoding = 4; lastKnownFileType = sourcecode.c.objc; path = statisticView.m; sourceTree = "<group>"; };
		0BA02C6E186B094E00563857 /* tagView.xib */ = {isa = PBXFileReference; fileEncoding = 4; lastKnownFileType = file.xib; path = tagView.xib; sourceTree = "<group>"; };
		0BA18F6B187C41B700ADBB01 /* collectionView.h */ = {isa = PBXFileReference; fileEncoding = 4; lastKnownFileType = sourcecode.c.h; path = collectionView.h; sourceTree = "<group>"; };
		0BA18F6C187C41B700ADBB01 /* collectionView.m */ = {isa = PBXFileReference; fileEncoding = 4; lastKnownFileType = sourcecode.c.objc; path = collectionView.m; sourceTree = "<group>"; };
		0BA61BD018A25108000B7163 /* star1.png */ = {isa = PBXFileReference; lastKnownFileType = image.png; path = star1.png; sourceTree = "<group>"; };
		0BA61BD118A25108000B7163 /* star2.png */ = {isa = PBXFileReference; lastKnownFileType = image.png; path = star2.png; sourceTree = "<group>"; };
		0BA61BD518A27715000B7163 /* 按键2.png */ = {isa = PBXFileReference; lastKnownFileType = image.png; path = "按键2.png"; sourceTree = "<group>"; };
		0BA61BD618A27715000B7163 /* 按键3.png */ = {isa = PBXFileReference; lastKnownFileType = image.png; path = "按键3.png"; sourceTree = "<group>"; };
		0BA61BD718A27715000B7163 /* 按键4.png */ = {isa = PBXFileReference; lastKnownFileType = image.png; path = "按键4.png"; sourceTree = "<group>"; };
		0BA61BD818A27715000B7163 /* 按键5.png */ = {isa = PBXFileReference; lastKnownFileType = image.png; path = "按键5.png"; sourceTree = "<group>"; };
		0BA61BE218A2808E000B7163 /* 按键2-2.png */ = {isa = PBXFileReference; lastKnownFileType = image.png; path = "按键2-2.png"; sourceTree = "<group>"; };
		0BA61BE618A28293000B7163 /* rightBackground.png */ = {isa = PBXFileReference; lastKnownFileType = image.png; path = rightBackground.png; sourceTree = "<group>"; };
		0BA61BEA18A2886B000B7163 /* 按键3-2.png */ = {isa = PBXFileReference; lastKnownFileType = image.png; path = "按键3-2.png"; sourceTree = "<group>"; };
		0BA61BEC18A28876000B7163 /* 按键1-2.png */ = {isa = PBXFileReference; lastKnownFileType = image.png; path = "按键1-2.png"; sourceTree = "<group>"; };
		0BA61BEE18A28880000B7163 /* 按键4-2.png */ = {isa = PBXFileReference; lastKnownFileType = image.png; path = "按键4-2.png"; sourceTree = "<group>"; };
		0BA61BF018A28887000B7163 /* 按键5-2.png */ = {isa = PBXFileReference; lastKnownFileType = image.png; path = "按键5-2.png"; sourceTree = "<group>"; };
		0BAE55AD185B7B1700695F0E /* icon.png */ = {isa = PBXFileReference; lastKnownFileType = image.png; path = icon.png; sourceTree = "<group>"; };
		0BB08A6218A9F41D00DE111E /* tagBtn.png */ = {isa = PBXFileReference; lastKnownFileType = image.png; path = tagBtn.png; sourceTree = "<group>"; };
		0BB08A6318A9F41D00DE111E /* photoBtn.png */ = {isa = PBXFileReference; lastKnownFileType = image.png; path = photoBtn.png; sourceTree = "<group>"; };
		0BB08A6418A9F41D00DE111E /* remindBtn.png */ = {isa = PBXFileReference; lastKnownFileType = image.png; path = remindBtn.png; sourceTree = "<group>"; };
		0BB08A6518A9F41D00DE111E /* collectionBtn.png */ = {isa = PBXFileReference; lastKnownFileType = image.png; path = collectionBtn.png; sourceTree = "<group>"; };
		0BB08A6618A9F41D00DE111E /* moneyBtn.png */ = {isa = PBXFileReference; lastKnownFileType = image.png; path = moneyBtn.png; sourceTree = "<group>"; };
		0BB08A6718A9F41D00DE111E /* returnBtn.png */ = {isa = PBXFileReference; lastKnownFileType = image.png; path = returnBtn.png; sourceTree = "<group>"; };
		0BB08A6818A9F41D00DE111E /* saveBtn.png */ = {isa = PBXFileReference; lastKnownFileType = image.png; path = saveBtn.png; sourceTree = "<group>"; };
		0BB08A6918A9F41D00DE111E /* deleteBtn.png */ = {isa = PBXFileReference; lastKnownFileType = image.png; path = deleteBtn.png; sourceTree = "<group>"; };
		0BB08A6A18A9F41D00DE111E /* tagBtn2.png */ = {isa = PBXFileReference; lastKnownFileType = image.png; path = tagBtn2.png; sourceTree = "<group>"; };
		0BB08A6B18A9F41D00DE111E /* remindBtn2.png */ = {isa = PBXFileReference; lastKnownFileType = image.png; path = remindBtn2.png; sourceTree = "<group>"; };
		0BB08A6C18A9F41D00DE111E /* photoBtn2.png */ = {isa = PBXFileReference; lastKnownFileType = image.png; path = photoBtn2.png; sourceTree = "<group>"; };
		0BB08A6D18A9F41D00DE111E /* moneyBtn2.png */ = {isa = PBXFileReference; lastKnownFileType = image.png; path = moneyBtn2.png; sourceTree = "<group>"; };
		0BB08A6E18A9F41D00DE111E /* returnBtn2.png */ = {isa = PBXFileReference; lastKnownFileType = image.png; path = returnBtn2.png; sourceTree = "<group>"; };
		0BB08A6F18A9F41D00DE111E /* collectionBtn2.png */ = {isa = PBXFileReference; lastKnownFileType = image.png; path = collectionBtn2.png; sourceTree = "<group>"; };
		0BB08A7018A9F41D00DE111E /* deleteBtn2.png */ = {isa = PBXFileReference; lastKnownFileType = image.png; path = deleteBtn2.png; sourceTree = "<group>"; };
		0BB08A7118A9F41D00DE111E /* saveBtn2.png */ = {isa = PBXFileReference; lastKnownFileType = image.png; path = saveBtn2.png; sourceTree = "<group>"; };
		0BB629D31829233B00D9B859 /* redrawButtonDelegate.h */ = {isa = PBXFileReference; lastKnownFileType = sourcecode.c.h; path = redrawButtonDelegate.h; sourceTree = "<group>"; };
		0BB629D418293F3C00D9B859 /* globalVars.h */ = {isa = PBXFileReference; lastKnownFileType = sourcecode.c.h; path = globalVars.h; sourceTree = "<group>"; };
		0BBED40618A68AFA00B47E53 /* cell1-1.png */ = {isa = PBXFileReference; lastKnownFileType = image.png; path = "cell1-1.png"; sourceTree = "<group>"; };
		0BBED40718A68AFA00B47E53 /* cell2-1.png */ = {isa = PBXFileReference; lastKnownFileType = image.png; path = "cell2-1.png"; sourceTree = "<group>"; };
		0BBED40818A68AFA00B47E53 /* cell3-1.png */ = {isa = PBXFileReference; lastKnownFileType = image.png; path = "cell3-1.png"; sourceTree = "<group>"; };
		0BBED40918A68AFA00B47E53 /* cell4-1.png */ = {isa = PBXFileReference; lastKnownFileType = image.png; path = "cell4-1.png"; sourceTree = "<group>"; };
		0BD7008218139338004FCBE2 /* backgroundHome.png */ = {isa = PBXFileReference; lastKnownFileType = image.png; path = backgroundHome.png; sourceTree = "<group>"; };
		0BD700841813ABFB004FCBE2 /* homeView.h */ = {isa = PBXFileReference; fileEncoding = 4; lastKnownFileType = sourcecode.c.h; name = homeView.h; path = view/homeView.h; sourceTree = "<group>"; };
		0BD700851813ABFB004FCBE2 /* homeView.m */ = {isa = PBXFileReference; fileEncoding = 4; lastKnownFileType = sourcecode.c.objc; name = homeView.m; path = view/homeView.m; sourceTree = "<group>"; };
		0BD700891813BC66004FCBE2 /* daylineView.h */ = {isa = PBXFileReference; fileEncoding = 4; lastKnownFileType = sourcecode.c.h; name = daylineView.h; path = view/daylineView.h; sourceTree = "<group>"; };
		0BD7008A1813BC66004FCBE2 /* daylineView.m */ = {isa = PBXFileReference; fileEncoding = 4; lastKnownFileType = sourcecode.c.objc; name = daylineView.m; path = view/daylineView.m; sourceTree = "<group>"; };
		0BD7008C1814242C004FCBE2 /* dayLineScoller.h */ = {isa = PBXFileReference; fileEncoding = 4; lastKnownFileType = sourcecode.c.h; path = dayLineScoller.h; sourceTree = "<group>"; };
		0BD7008D1814242C004FCBE2 /* dayLineScoller.m */ = {isa = PBXFileReference; fileEncoding = 4; lastKnownFileType = sourcecode.c.objc; path = dayLineScoller.m; sourceTree = "<group>"; };
		0BE1BC031866EAE000E59CC7 /* remindDataDelegate.h */ = {isa = PBXFileReference; fileEncoding = 4; lastKnownFileType = sourcecode.c.h; path = remindDataDelegate.h; sourceTree = "<group>"; };
		0BE6C65018A778CA007769D8 /* photoView.xib */ = {isa = PBXFileReference; fileEncoding = 4; lastKnownFileType = file.xib; path = photoView.xib; sourceTree = "<group>"; };
		0BE6C65218A7BC52007769D8 /* checkPhotoController.h */ = {isa = PBXFileReference; fileEncoding = 4; lastKnownFileType = sourcecode.c.h; path = checkPhotoController.h; sourceTree = "<group>"; };
		0BE6C65318A7BC52007769D8 /* checkPhotoController.m */ = {isa = PBXFileReference; fileEncoding = 4; lastKnownFileType = sourcecode.c.objc; path = checkPhotoController.m; sourceTree = "<group>"; };
		0BE6C65418A7BC52007769D8 /* checkPhotoController.xib */ = {isa = PBXFileReference; fileEncoding = 4; lastKnownFileType = file.xib; path = checkPhotoController.xib; sourceTree = "<group>"; };
		0BF933EF18A9092E00C6EA81 /* editView.png */ = {isa = PBXFileReference; lastKnownFileType = image.png; path = editView.png; sourceTree = "<group>"; };
		134E8AFC189CEC6700C2F805 /* CustomIOS7AlertView.h */ = {isa = PBXFileReference; fileEncoding = 4; lastKnownFileType = sourcecode.c.h; path = CustomIOS7AlertView.h; sourceTree = "<group>"; };
		134E8AFD189CEC6700C2F805 /* CustomIOS7AlertView.m */ = {isa = PBXFileReference; fileEncoding = 4; lastKnownFileType = sourcecode.c.objc; path = CustomIOS7AlertView.m; sourceTree = "<group>"; };
/* End PBXFileReference section */

/* Begin PBXFrameworksBuildPhase section */
		0B9A53C81812274D0085FFD7 /* Frameworks */ = {
			isa = PBXFrameworksBuildPhase;
			buildActionMask = 2147483647;
			files = (
				0B928730183A300400AB69BB /* libsqlite3.dylib in Frameworks */,
				0B9A53D11812274D0085FFD7 /* CoreGraphics.framework in Frameworks */,
				0B9A53D31812274D0085FFD7 /* UIKit.framework in Frameworks */,
				0B9A53CF1812274D0085FFD7 /* Foundation.framework in Frameworks */,
			);
			runOnlyForDeploymentPostprocessing = 0;
		};
		0B9A53E91812274D0085FFD7 /* Frameworks */ = {
			isa = PBXFrameworksBuildPhase;
			buildActionMask = 2147483647;
			files = (
				0B9A53EE1812274D0085FFD7 /* XCTest.framework in Frameworks */,
				0B9A53F01812274D0085FFD7 /* UIKit.framework in Frameworks */,
				0B9A53EF1812274D0085FFD7 /* Foundation.framework in Frameworks */,
			);
			runOnlyForDeploymentPostprocessing = 0;
		};
/* End PBXFrameworksBuildPhase section */

/* Begin PBXGroup section */
		0B9009D71877D791008D3799 /* resources */ = {
			isa = PBXGroup;
			children = (
				0B9009D81877D791008D3799 /* left_arrow.png */,
				0B9009D91877D791008D3799 /* left_arrow@2x.png */,
				0B9009DA1877D791008D3799 /* right_arrow.png */,
				0B9009DB1877D791008D3799 /* right_arrow@2x.png */,
				0B92BE2218B0ADF0003AE50C /* 日期角标.png */,
			);
			path = resources;
			sourceTree = "<group>";
		};
		0B929ED918156730008E1726 /* controller */ = {
			isa = PBXGroup;
			children = (
				0B9A53E31812274D0085FFD7 /* ViewController.h */,
				0B9A53E41812274D0085FFD7 /* ViewController.m */,
				0B916CFB1816BB2200B3F41D /* editingViewController.h */,
				0B916CFC1816BB2200B3F41D /* editingViewController.m */,
				0B8F0D8F186422F300FD1264 /* remindViewController.h */,
				0B8F0D90186422F300FD1264 /* remindViewController.m */,
				0B942F831896720A002864B8 /* statisticViewController.h */,
				0B942F841896720A002864B8 /* statisticViewController.m */,
				0BE6C65218A7BC52007769D8 /* checkPhotoController.h */,
				0BE6C65318A7BC52007769D8 /* checkPhotoController.m */,
			);
			name = controller;
			sourceTree = "<group>";
		};
		0B93DABE18A513A10020FDDB /* parts */ = {
			isa = PBXGroup;
			children = (
				0BBED40618A68AFA00B47E53 /* cell1-1.png */,
				0BBED40718A68AFA00B47E53 /* cell2-1.png */,
				0BBED40818A68AFA00B47E53 /* cell3-1.png */,
				0BBED40918A68AFA00B47E53 /* cell4-1.png */,
				0B92BE3A18B0C75D003AE50C /* 299x62按键.png */,
				0B93EC4618AB422600F871C4 /* 色点.png */,
				0B93EC5818ABD06A00F871C4 /* addTapped.png */,
				0B92BE1E18B09E97003AE50C /* addBtn.png */,
				0BB08A6218A9F41D00DE111E /* tagBtn.png */,
				0BB08A6318A9F41D00DE111E /* photoBtn.png */,
				0BB08A6418A9F41D00DE111E /* remindBtn.png */,
				0BB08A6518A9F41D00DE111E /* collectionBtn.png */,
				0BB08A6618A9F41D00DE111E /* moneyBtn.png */,
				0BB08A6718A9F41D00DE111E /* returnBtn.png */,
				0BB08A6818A9F41D00DE111E /* saveBtn.png */,
				0BB08A6918A9F41D00DE111E /* deleteBtn.png */,
				0BB08A6A18A9F41D00DE111E /* tagBtn2.png */,
				0BB08A6B18A9F41D00DE111E /* remindBtn2.png */,
				0BB08A6C18A9F41D00DE111E /* photoBtn2.png */,
				0BB08A6D18A9F41D00DE111E /* moneyBtn2.png */,
				0BB08A6E18A9F41D00DE111E /* returnBtn2.png */,
				0BB08A6F18A9F41D00DE111E /* collectionBtn2.png */,
				0BB08A7018A9F41D00DE111E /* deleteBtn2.png */,
				0BB08A7118A9F41D00DE111E /* saveBtn2.png */,
				0B9597ED18AD211B002923AF /* OkButton.png */,
				0B9597EE18AD211B002923AF /* cancelButton.png */,
				0B92BE2A18B0C4F3003AE50C /* photoAlert.png */,
				0B92BE2B18B0C4F3003AE50C /* tagAlert.png */,
				0B92BE2C18B0C4F3003AE50C /* returnInAlert.png */,
				0B92BE2D18B0C4F3003AE50C /* searchInAlert.png */,
				0B92BE2E18B0C4F3003AE50C /* okInAlert.png */,
				0B92BE2F18B0C4F3003AE50C /* cancelInAlert.png */,
				0B92BE3018B0C4F3003AE50C /* addInAlert.png */,
				0B92BE3118B0C4F3003AE50C /* deleteInAlert.png */,
			);
			name = parts;
			sourceTree = "<group>";
		};
		0B9A53C21812274D0085FFD7 = {
			isa = PBXGroup;
			children = (
				134E8AFB189CEC6700C2F805 /* CustomIOS7AlertView */,
				0B9A53D41812274D0085FFD7 /* DaysInLine */,
				0B9A53F31812274D0085FFD7 /* DaysInLineTests */,
				0B9A53CD1812274D0085FFD7 /* Frameworks */,
				0B9A53CC1812274D0085FFD7 /* Products */,
			);
			sourceTree = "<group>";
		};
		0B9A53CC1812274D0085FFD7 /* Products */ = {
			isa = PBXGroup;
			children = (
				0B9A53CB1812274D0085FFD7 /* DaysInLine.app */,
				0B9A53EC1812274D0085FFD7 /* DaysInLineTests.xctest */,
			);
			name = Products;
			sourceTree = "<group>";
		};
		0B9A53CD1812274D0085FFD7 /* Frameworks */ = {
			isa = PBXGroup;
			children = (
				0B92872F183A300400AB69BB /* libsqlite3.dylib */,
				0B9A53CE1812274D0085FFD7 /* Foundation.framework */,
				0B9A53D01812274D0085FFD7 /* CoreGraphics.framework */,
				0B9A53D21812274D0085FFD7 /* UIKit.framework */,
				0B9A53ED1812274D0085FFD7 /* XCTest.framework */,
			);
			name = Frameworks;
			sourceTree = "<group>";
		};
		0B9A53D41812274D0085FFD7 /* DaysInLine */ = {
			isa = PBXGroup;
			children = (
				0BD700881813AC26004FCBE2 /* data */,
				0B9A53DD1812274D0085FFD7 /* AppDelegate.h */,
				0B9A53DE1812274D0085FFD7 /* AppDelegate.m */,
				0B96F9E918A3CD4600E625AA /* Main1.storyboard */,
				0B929ED918156730008E1726 /* controller */,
				0BD700871813AC06004FCBE2 /* view */,
				0B9A53E61812274D0085FFD7 /* Images.xcassets */,
				0B9A53D51812274D0085FFD7 /* Supporting Files */,
			);
			path = DaysInLine;
			sourceTree = "<group>";
		};
		0B9A53D51812274D0085FFD7 /* Supporting Files */ = {
			isa = PBXGroup;
			children = (
				0B93DABE18A513A10020FDDB /* parts */,
				0B9009D71877D791008D3799 /* resources */,
				0B9A5405181230990085FFD7 /* Default.png */,
				0B9597EB18AD1191002923AF /* Default-568h@2x.png */,
				0BA61BD018A25108000B7163 /* star1.png */,
				0BA61BD118A25108000B7163 /* star2.png */,
				0BD7008218139338004FCBE2 /* backgroundHome.png */,
				0B93EC5918ABD06A00F871C4 /* backgroundHome@2x.png */,
				0B92BE2818B0B56E003AE50C /* 按键1.png */,
				0BA61BEC18A28876000B7163 /* 按键1-2.png */,
				0BA61BD518A27715000B7163 /* 按键2.png */,
				0BA61BE218A2808E000B7163 /* 按键2-2.png */,
				0BA61BD618A27715000B7163 /* 按键3.png */,
				0BA61BEA18A2886B000B7163 /* 按键3-2.png */,
				0BA61BD718A27715000B7163 /* 按键4.png */,
				0BA61BEE18A28880000B7163 /* 按键4-2.png */,
				0BA61BD818A27715000B7163 /* 按键5.png */,
				0BA61BF018A28887000B7163 /* 按键5-2.png */,
				0BA61BE618A28293000B7163 /* rightBackground.png */,
				0B93EC5718ABD06A00F871C4 /* rightBackground@2x.png */,
				0BAE55AD185B7B1700695F0E /* icon.png */,
				0BF933EF18A9092E00C6EA81 /* editView.png */,
				0B93EC5618ABD06A00F871C4 /* editView@2x.png */,
				0B9A53D61812274D0085FFD7 /* DaysInLine-Info.plist */,
				0B9A53D71812274D0085FFD7 /* InfoPlist.strings */,
				0B9A53DA1812274D0085FFD7 /* main.m */,
				0B9A53DC1812274D0085FFD7 /* DaysInLine-Prefix.pch */,
			);
			name = "Supporting Files";
			sourceTree = "<group>";
		};
		0B9A53F31812274D0085FFD7 /* DaysInLineTests */ = {
			isa = PBXGroup;
			children = (
				0B9A53F91812274D0085FFD7 /* DaysInLineTests.m */,
				0B9A53F41812274D0085FFD7 /* Supporting Files */,
			);
			path = DaysInLineTests;
			sourceTree = "<group>";
		};
		0B9A53F41812274D0085FFD7 /* Supporting Files */ = {
			isa = PBXGroup;
			children = (
				0B9A53F51812274D0085FFD7 /* DaysInLineTests-Info.plist */,
				0B9A53F61812274D0085FFD7 /* InfoPlist.strings */,
			);
			name = "Supporting Files";
			sourceTree = "<group>";
		};
		0BD700871813AC06004FCBE2 /* view */ = {
			isa = PBXGroup;
			children = (
				0B9009E41877EBE4008D3799 /* CKCalendarView.h */,
				0B9009E51877EBE4008D3799 /* CKCalendarView.m */,
				0BD700841813ABFB004FCBE2 /* homeView.h */,
				0BD700851813ABFB004FCBE2 /* homeView.m */,
				0BD700891813BC66004FCBE2 /* daylineView.h */,
				0BD7008A1813BC66004FCBE2 /* daylineView.m */,
				0BD7008C1814242C004FCBE2 /* dayLineScoller.h */,
				0BD7008D1814242C004FCBE2 /* dayLineScoller.m */,
				0B8F0D8C18641FA900FD1264 /* remindViewController.xib */,
				0B2C3338185B7CEE00CB2763 /* editingView.xib */,
				0B2C3339185B7CEE00CB2763 /* moneyView.xib */,
				0BA02C6E186B094E00563857 /* tagView.xib */,
				0B942F851896720A002864B8 /* statisticViewController.xib */,
				0B00AC53187D849400427F35 /* collectCell.xib */,
				0BE6C65418A7BC52007769D8 /* checkPhotoController.xib */,
				0BE6C65018A778CA007769D8 /* photoView.xib */,
				0B929ECF18154B94008E1726 /* buttonInScroll.h */,
				0B929ED018154B94008E1726 /* buttonInScroll.m */,
				0B9009E11877DDA6008D3799 /* selectView.h */,
				0B9009E21877DDA6008D3799 /* selectView.m */,
				0BA18F6B187C41B700ADBB01 /* collectionView.h */,
				0BA18F6C187C41B700ADBB01 /* collectionView.m */,
				0B9B36481895467600E9151A /* statisticView.h */,
				0B9B36491895467600E9151A /* statisticView.m */,
				0B93EC4818ABA5ED00F871C4 /* customButton.h */,
				0B93EC4918ABA5EE00F871C4 /* customButton.m */,
			);
			name = view;
			sourceTree = "<group>";
		};
		0BD700881813AC26004FCBE2 /* data */ = {
			isa = PBXGroup;
			children = (
				0BB629D31829233B00D9B859 /* redrawButtonDelegate.h */,
				0BB629D418293F3C00D9B859 /* globalVars.h */,
				0BE1BC031866EAE000E59CC7 /* remindDataDelegate.h */,
				0B9726041870516100787BE9 /* drawTagDelegate.h */,
				0B5586AF18890AA9009E6A3E /* reloadTableDelegate.h */,
			);
			name = data;
			sourceTree = "<group>";
		};
		134E8AFB189CEC6700C2F805 /* CustomIOS7AlertView */ = {
			isa = PBXGroup;
			children = (
				134E8AFC189CEC6700C2F805 /* CustomIOS7AlertView.h */,
				134E8AFD189CEC6700C2F805 /* CustomIOS7AlertView.m */,
			);
			name = CustomIOS7AlertView;
			path = View;
			sourceTree = "<group>";
		};
/* End PBXGroup section */

/* Begin PBXNativeTarget section */
		0B9A53CA1812274D0085FFD7 /* DaysInLine */ = {
			isa = PBXNativeTarget;
			buildConfigurationList = 0B9A53FD1812274D0085FFD7 /* Build configuration list for PBXNativeTarget "DaysInLine" */;
			buildPhases = (
				0B9A53C71812274D0085FFD7 /* Sources */,
				0B9A53C81812274D0085FFD7 /* Frameworks */,
				0B9A53C91812274D0085FFD7 /* Resources */,
			);
			buildRules = (
			);
			dependencies = (
			);
			name = DaysInLine;
			productName = DaysInLine;
			productReference = 0B9A53CB1812274D0085FFD7 /* DaysInLine.app */;
			productType = "com.apple.product-type.application";
		};
		0B9A53EB1812274D0085FFD7 /* DaysInLineTests */ = {
			isa = PBXNativeTarget;
			buildConfigurationList = 0B9A54001812274D0085FFD7 /* Build configuration list for PBXNativeTarget "DaysInLineTests" */;
			buildPhases = (
				0B9A53E81812274D0085FFD7 /* Sources */,
				0B9A53E91812274D0085FFD7 /* Frameworks */,
				0B9A53EA1812274D0085FFD7 /* Resources */,
			);
			buildRules = (
			);
			dependencies = (
				0B9A53F21812274D0085FFD7 /* PBXTargetDependency */,
			);
			name = DaysInLineTests;
			productName = DaysInLineTests;
			productReference = 0B9A53EC1812274D0085FFD7 /* DaysInLineTests.xctest */;
			productType = "com.apple.product-type.bundle.unit-test";
		};
/* End PBXNativeTarget section */

/* Begin PBXProject section */
		0B9A53C31812274D0085FFD7 /* Project object */ = {
			isa = PBXProject;
			attributes = {
				LastUpgradeCheck = 0500;
				ORGANIZATIONNAME = "张力";
				TargetAttributes = {
					0B9A53EB1812274D0085FFD7 = {
						TestTargetID = 0B9A53CA1812274D0085FFD7;
					};
				};
			};
			buildConfigurationList = 0B9A53C61812274D0085FFD7 /* Build configuration list for PBXProject "DaysInLine" */;
			compatibilityVersion = "Xcode 3.2";
			developmentRegion = English;
			hasScannedForEncodings = 0;
			knownRegions = (
				en,
				Base,
			);
			mainGroup = 0B9A53C21812274D0085FFD7;
			productRefGroup = 0B9A53CC1812274D0085FFD7 /* Products */;
			projectDirPath = "";
			projectRoot = "";
			targets = (
				0B9A53CA1812274D0085FFD7 /* DaysInLine */,
				0B9A53EB1812274D0085FFD7 /* DaysInLineTests */,
			);
		};
/* End PBXProject section */

/* Begin PBXResourcesBuildPhase section */
		0B9A53C91812274D0085FFD7 /* Resources */ = {
			isa = PBXResourcesBuildPhase;
			buildActionMask = 2147483647;
			files = (
				0B9A5406181230990085FFD7 /* Default.png in Resources */,
				0B92BE2318B0ADF0003AE50C /* 日期角标.png in Resources */,
				0BA61BD218A25108000B7163 /* star1.png in Resources */,
				0B9009DD1877D791008D3799 /* left_arrow.png in Resources */,
				0B93EC5E18ABD06A00F871C4 /* backgroundHome@2x.png in Resources */,
				0BA61BDA18A27715000B7163 /* 按键2.png in Resources */,
				0B9A53E71812274D0085FFD7 /* Images.xcassets in Resources */,
				0BB08A7C18A9F41D00DE111E /* remindBtn2.png in Resources */,
				0B8F0D8E18641FA900FD1264 /* remindViewController.xib in Resources */,
				0BA61BDD18A27715000B7163 /* 按键5.png in Resources */,
				0BB08A7518A9F41D00DE111E /* remindBtn.png in Resources */,
				0B92BE2018B09E97003AE50C /* addBtn.png in Resources */,
				0BE6C65118A778CA007769D8 /* photoView.xib in Resources */,
				0BA61BF118A28887000B7163 /* 按键5-2.png in Resources */,
				0B9009DE1877D791008D3799 /* left_arrow@2x.png in Resources */,
				0BB08A7818A9F41D00DE111E /* returnBtn.png in Resources */,
				0BB08A8118A9F41D00DE111E /* deleteBtn2.png in Resources */,
				0B93EC5B18ABD06A00F871C4 /* editView@2x.png in Resources */,
				0BA61BD318A25108000B7163 /* star2.png in Resources */,
				0BE6C65618A7BC52007769D8 /* checkPhotoController.xib in Resources */,
				0BB08A7418A9F41D00DE111E /* photoBtn.png in Resources */,
				0B92BE3418B0C4F3003AE50C /* returnInAlert.png in Resources */,
				0BBED40C18A68AFA00B47E53 /* cell3-1.png in Resources */,
				0BB08A7318A9F41D00DE111E /* tagBtn.png in Resources */,
				0BB08A8218A9F41D00DE111E /* saveBtn2.png in Resources */,
				0BA02C6F186B094E00563857 /* tagView.xib in Resources */,
				0B9A53D91812274D0085FFD7 /* InfoPlist.strings in Resources */,
				0BBED40A18A68AFA00B47E53 /* cell1-1.png in Resources */,
				0BB08A7A18A9F41D00DE111E /* deleteBtn.png in Resources */,
				0B92BE3818B0C4F3003AE50C /* addInAlert.png in Resources */,
				0B92BE3618B0C4F3003AE50C /* okInAlert.png in Resources */,
				0BA61BEF18A28880000B7163 /* 按键4-2.png in Resources */,
				0BBED40B18A68AFA00B47E53 /* cell2-1.png in Resources */,
				0B9009DF1877D791008D3799 /* right_arrow.png in Resources */,
				0BA61BE718A28293000B7163 /* rightBackground.png in Resources */,
				0BB08A7B18A9F41D00DE111E /* tagBtn2.png in Resources */,
				0B92BE2918B0B56E003AE50C /* 按键1.png in Resources */,
				0B92BE3218B0C4F3003AE50C /* photoAlert.png in Resources */,
				0BAE55B1185B7B1700695F0E /* icon.png in Resources */,
				0BA61BEB18A2886B000B7163 /* 按键3-2.png in Resources */,
				0BA61BDB18A27715000B7163 /* 按键3.png in Resources */,
				0B92BE3518B0C4F3003AE50C /* searchInAlert.png in Resources */,
				0B9597F318AD211B002923AF /* cancelButton.png in Resources */,
				0BBED40D18A68AFA00B47E53 /* cell4-1.png in Resources */,
				0B92BE3318B0C4F3003AE50C /* tagAlert.png in Resources */,
				0BA61BED18A28876000B7163 /* 按键1-2.png in Resources */,
				0BA61BE318A2808E000B7163 /* 按键2-2.png in Resources */,
				0BB08A7F18A9F41D00DE111E /* returnBtn2.png in Resources */,
				0B93EC5C18ABD06A00F871C4 /* rightBackground@2x.png in Resources */,
				0BB08A7618A9F41D00DE111E /* collectionBtn.png in Resources */,
				0B00AC54187D849400427F35 /* collectCell.xib in Resources */,
				0BA61BDC18A27715000B7163 /* 按键4.png in Resources */,
				0B2C333B185B7CEE00CB2763 /* moneyView.xib in Resources */,
				0B92BE3B18B0C75D003AE50C /* 299x62按键.png in Resources */,
				0B92BE3918B0C4F3003AE50C /* deleteInAlert.png in Resources */,
				0B93EC5D18ABD06A00F871C4 /* addTapped.png in Resources */,
				0B2C333A185B7CEE00CB2763 /* editingView.xib in Resources */,
				0BF933F018A9092E00C6EA81 /* editView.png in Resources */,
				0B9597F218AD211B002923AF /* OkButton.png in Resources */,
				0B93EC4718AB422600F871C4 /* 色点.png in Resources */,
				0B942F871896720A002864B8 /* statisticViewController.xib in Resources */,
				0BD7008318139338004FCBE2 /* backgroundHome.png in Resources */,
				0B96F9EB18A3CD4600E625AA /* Main1.storyboard in Resources */,
				0BB08A7718A9F41D00DE111E /* moneyBtn.png in Resources */,
				0B9597EC18AD1191002923AF /* Default-568h@2x.png in Resources */,
				0BB08A7D18A9F41D00DE111E /* photoBtn2.png in Resources */,
				0BB08A7918A9F41D00DE111E /* saveBtn.png in Resources */,
				0B92BE3718B0C4F3003AE50C /* cancelInAlert.png in Resources */,
				0BB08A7E18A9F41D00DE111E /* moneyBtn2.png in Resources */,
				0B9009E01877D791008D3799 /* right_arrow@2x.png in Resources */,
				0BB08A8018A9F41D00DE111E /* collectionBtn2.png in Resources */,
			);
			runOnlyForDeploymentPostprocessing = 0;
		};
		0B9A53EA1812274D0085FFD7 /* Resources */ = {
			isa = PBXResourcesBuildPhase;
			buildActionMask = 2147483647;
			files = (
				0B9A53F81812274D0085FFD7 /* InfoPlist.strings in Resources */,
			);
			runOnlyForDeploymentPostprocessing = 0;
		};
/* End PBXResourcesBuildPhase section */

/* Begin PBXSourcesBuildPhase section */
		0B9A53C71812274D0085FFD7 /* Sources */ = {
			isa = PBXSourcesBuildPhase;
			buildActionMask = 2147483647;
			files = (
				0B929ED118154B94008E1726 /* buttonInScroll.m in Sources */,
				0B9A53E51812274D0085FFD7 /* ViewController.m in Sources */,
				0BA18F6D187C41B700ADBB01 /* collectionView.m in Sources */,
				134E8AFE189CEC6700C2F805 /* CustomIOS7AlertView.m in Sources */,
				0B942F861896720A002864B8 /* statisticViewController.m in Sources */,
				0B9B364A1895467600E9151A /* statisticView.m in Sources */,
				0BD700861813ABFB004FCBE2 /* homeView.m in Sources */,
				0B93EC4A18ABA5EF00F871C4 /* customButton.m in Sources */,
				0B9A53DF1812274D0085FFD7 /* AppDelegate.m in Sources */,
				0B9A53DB1812274D0085FFD7 /* main.m in Sources */,
				0B8F0D91186422F300FD1264 /* remindViewController.m in Sources */,
				0B916CFD1816BB2200B3F41D /* editingViewController.m in Sources */,
				0B9009E31877DDA6008D3799 /* selectView.m in Sources */,
				0B9009E61877EBE4008D3799 /* CKCalendarView.m in Sources */,
				0BE6C65518A7BC52007769D8 /* checkPhotoController.m in Sources */,
				0BD7008B1813BC66004FCBE2 /* daylineView.m in Sources */,
				0BD7008E1814242D004FCBE2 /* dayLineScoller.m in Sources */,
			);
			runOnlyForDeploymentPostprocessing = 0;
		};
		0B9A53E81812274D0085FFD7 /* Sources */ = {
			isa = PBXSourcesBuildPhase;
			buildActionMask = 2147483647;
			files = (
				0B9A53FA1812274D0085FFD7 /* DaysInLineTests.m in Sources */,
			);
			runOnlyForDeploymentPostprocessing = 0;
		};
/* End PBXSourcesBuildPhase section */

/* Begin PBXTargetDependency section */
		0B9A53F21812274D0085FFD7 /* PBXTargetDependency */ = {
			isa = PBXTargetDependency;
			target = 0B9A53CA1812274D0085FFD7 /* DaysInLine */;
			targetProxy = 0B9A53F11812274D0085FFD7 /* PBXContainerItemProxy */;
		};
/* End PBXTargetDependency section */

/* Begin PBXVariantGroup section */
		0B96F9E918A3CD4600E625AA /* Main1.storyboard */ = {
			isa = PBXVariantGroup;
			children = (
				0B96F9EA18A3CD4600E625AA /* Base */,
				0B96F9EE18A3CDD300E625AA /* en */,
			);
			name = Main1.storyboard;
			sourceTree = "<group>";
		};
		0B9A53D71812274D0085FFD7 /* InfoPlist.strings */ = {
			isa = PBXVariantGroup;
			children = (
				0B9A53D81812274D0085FFD7 /* en */,
			);
			name = InfoPlist.strings;
			sourceTree = "<group>";
		};
		0B9A53F61812274D0085FFD7 /* InfoPlist.strings */ = {
			isa = PBXVariantGroup;
			children = (
				0B9A53F71812274D0085FFD7 /* en */,
			);
			name = InfoPlist.strings;
			sourceTree = "<group>";
		};
/* End PBXVariantGroup section */

/* Begin XCBuildConfiguration section */
		0B9A53FB1812274D0085FFD7 /* Debug */ = {
			isa = XCBuildConfiguration;
			buildSettings = {
				ALWAYS_SEARCH_USER_PATHS = NO;
				ARCHS = "$(ARCHS_STANDARD_INCLUDING_64_BIT)";
				CLANG_CXX_LANGUAGE_STANDARD = "gnu++0x";
				CLANG_CXX_LIBRARY = "libc++";
				CLANG_ENABLE_MODULES = YES;
				CLANG_ENABLE_OBJC_ARC = YES;
				CLANG_WARN_BOOL_CONVERSION = YES;
				CLANG_WARN_CONSTANT_CONVERSION = YES;
				CLANG_WARN_DIRECT_OBJC_ISA_USAGE = YES_ERROR;
				CLANG_WARN_EMPTY_BODY = YES;
				CLANG_WARN_ENUM_CONVERSION = YES;
				CLANG_WARN_INT_CONVERSION = YES;
				CLANG_WARN_OBJC_ROOT_CLASS = YES_ERROR;
				CLANG_WARN__DUPLICATE_METHOD_MATCH = YES;
				"CODE_SIGN_IDENTITY[sdk=iphoneos*]" = "iPhone Developer";
				COPY_PHASE_STRIP = NO;
				GCC_C_LANGUAGE_STANDARD = gnu99;
				GCC_DYNAMIC_NO_PIC = NO;
				GCC_OPTIMIZATION_LEVEL = 0;
				GCC_PREPROCESSOR_DEFINITIONS = (
					"DEBUG=1",
					"$(inherited)",
				);
				GCC_SYMBOLS_PRIVATE_EXTERN = NO;
				GCC_WARN_64_TO_32_BIT_CONVERSION = YES;
				GCC_WARN_ABOUT_RETURN_TYPE = YES_ERROR;
				GCC_WARN_UNDECLARED_SELECTOR = YES;
				GCC_WARN_UNINITIALIZED_AUTOS = YES;
				GCC_WARN_UNUSED_FUNCTION = YES;
				GCC_WARN_UNUSED_VARIABLE = YES;
				IPHONEOS_DEPLOYMENT_TARGET = 6.1;
				ONLY_ACTIVE_ARCH = NO;
				SDKROOT = iphoneos;
			};
			name = Debug;
		};
		0B9A53FC1812274D0085FFD7 /* Release */ = {
			isa = XCBuildConfiguration;
			buildSettings = {
				ALWAYS_SEARCH_USER_PATHS = NO;
				ARCHS = "$(ARCHS_STANDARD_INCLUDING_64_BIT)";
				CLANG_CXX_LANGUAGE_STANDARD = "gnu++0x";
				CLANG_CXX_LIBRARY = "libc++";
				CLANG_ENABLE_MODULES = YES;
				CLANG_ENABLE_OBJC_ARC = YES;
				CLANG_WARN_BOOL_CONVERSION = YES;
				CLANG_WARN_CONSTANT_CONVERSION = YES;
				CLANG_WARN_DIRECT_OBJC_ISA_USAGE = YES_ERROR;
				CLANG_WARN_EMPTY_BODY = YES;
				CLANG_WARN_ENUM_CONVERSION = YES;
				CLANG_WARN_INT_CONVERSION = YES;
				CLANG_WARN_OBJC_ROOT_CLASS = YES_ERROR;
				CLANG_WARN__DUPLICATE_METHOD_MATCH = YES;
				"CODE_SIGN_IDENTITY[sdk=iphoneos*]" = "iPhone Developer";
				COPY_PHASE_STRIP = YES;
				ENABLE_NS_ASSERTIONS = NO;
				GCC_C_LANGUAGE_STANDARD = gnu99;
				GCC_WARN_64_TO_32_BIT_CONVERSION = YES;
				GCC_WARN_ABOUT_RETURN_TYPE = YES_ERROR;
				GCC_WARN_UNDECLARED_SELECTOR = YES;
				GCC_WARN_UNINITIALIZED_AUTOS = YES;
				GCC_WARN_UNUSED_FUNCTION = YES;
				GCC_WARN_UNUSED_VARIABLE = YES;
				IPHONEOS_DEPLOYMENT_TARGET = 6.1;
				ONLY_ACTIVE_ARCH = YES;
				SDKROOT = iphoneos;
				VALIDATE_PRODUCT = YES;
			};
			name = Release;
		};
		0B9A53FE1812274D0085FFD7 /* Debug */ = {
			isa = XCBuildConfiguration;
			buildSettings = {
				ASSETCATALOG_COMPILER_APPICON_NAME = AppIcon;
				GCC_PRECOMPILE_PREFIX_HEADER = YES;
				GCC_PREFIX_HEADER = "DaysInLine/DaysInLine-Prefix.pch";
				INFOPLIST_FILE = "DaysInLine/DaysInLine-Info.plist";
				IPHONEOS_DEPLOYMENT_TARGET = 6.1;
				PRODUCT_NAME = "$(TARGET_NAME)";
				TARGETED_DEVICE_FAMILY = 1;
				WRAPPER_EXTENSION = app;
			};
			name = Debug;
		};
		0B9A53FF1812274D0085FFD7 /* Release */ = {
			isa = XCBuildConfiguration;
			buildSettings = {
				ASSETCATALOG_COMPILER_APPICON_NAME = AppIcon;
				GCC_PRECOMPILE_PREFIX_HEADER = YES;
				GCC_PREFIX_HEADER = "DaysInLine/DaysInLine-Prefix.pch";
				INFOPLIST_FILE = "DaysInLine/DaysInLine-Info.plist";
				IPHONEOS_DEPLOYMENT_TARGET = 6.1;
				PRODUCT_NAME = "$(TARGET_NAME)";
				TARGETED_DEVICE_FAMILY = 1;
				WRAPPER_EXTENSION = app;
			};
			name = Release;
		};
		0B9A54011812274D0085FFD7 /* Debug */ = {
			isa = XCBuildConfiguration;
			buildSettings = {
				ARCHS = "$(ARCHS_STANDARD_INCLUDING_64_BIT)";
				BUNDLE_LOADER = "$(BUILT_PRODUCTS_DIR)/DaysInLine.app/DaysInLine";
				FRAMEWORK_SEARCH_PATHS = (
					"$(SDKROOT)/Developer/Library/Frameworks",
					"$(inherited)",
					"$(DEVELOPER_FRAMEWORKS_DIR)",
				);
				GCC_PRECOMPILE_PREFIX_HEADER = YES;
				GCC_PREFIX_HEADER = "DaysInLine/DaysInLine-Prefix.pch";
				GCC_PREPROCESSOR_DEFINITIONS = (
					"DEBUG=1",
					"$(inherited)",
				);
				INFOPLIST_FILE = "DaysInLineTests/DaysInLineTests-Info.plist";
				PRODUCT_NAME = "$(TARGET_NAME)";
				TEST_HOST = "$(BUNDLE_LOADER)";
				WRAPPER_EXTENSION = xctest;
			};
			name = Debug;
		};
		0B9A54021812274D0085FFD7 /* Release */ = {
			isa = XCBuildConfiguration;
			buildSettings = {
				ARCHS = "$(ARCHS_STANDARD_INCLUDING_64_BIT)";
				BUNDLE_LOADER = "$(BUILT_PRODUCTS_DIR)/DaysInLine.app/DaysInLine";
				FRAMEWORK_SEARCH_PATHS = (
					"$(SDKROOT)/Developer/Library/Frameworks",
					"$(inherited)",
					"$(DEVELOPER_FRAMEWORKS_DIR)",
				);
				GCC_PRECOMPILE_PREFIX_HEADER = YES;
				GCC_PREFIX_HEADER = "DaysInLine/DaysInLine-Prefix.pch";
				INFOPLIST_FILE = "DaysInLineTests/DaysInLineTests-Info.plist";
				PRODUCT_NAME = "$(TARGET_NAME)";
				TEST_HOST = "$(BUNDLE_LOADER)";
				WRAPPER_EXTENSION = xctest;
			};
			name = Release;
		};
/* End XCBuildConfiguration section */

/* Begin XCConfigurationList section */
		0B9A53C61812274D0085FFD7 /* Build configuration list for PBXProject "DaysInLine" */ = {
			isa = XCConfigurationList;
			buildConfigurations = (
				0B9A53FB1812274D0085FFD7 /* Debug */,
				0B9A53FC1812274D0085FFD7 /* Release */,
			);
			defaultConfigurationIsVisible = 0;
			defaultConfigurationName = Release;
		};
		0B9A53FD1812274D0085FFD7 /* Build configuration list for PBXNativeTarget "DaysInLine" */ = {
			isa = XCConfigurationList;
			buildConfigurations = (
				0B9A53FE1812274D0085FFD7 /* Debug */,
				0B9A53FF1812274D0085FFD7 /* Release */,
			);
			defaultConfigurationIsVisible = 0;
			defaultConfigurationName = Release;
		};
		0B9A54001812274D0085FFD7 /* Build configuration list for PBXNativeTarget "DaysInLineTests" */ = {
			isa = XCConfigurationList;
			buildConfigurations = (
				0B9A54011812274D0085FFD7 /* Debug */,
				0B9A54021812274D0085FFD7 /* Release */,
			);
			defaultConfigurationIsVisible = 0;
			defaultConfigurationName = Release;
		};
/* End XCConfigurationList section */
	};
	rootObject = 0B9A53C31812274D0085FFD7 /* Project object */;
}
